
Microsoft Visual Studio Solution File, Format Version 12.00
# Visual Studio 14
VisualStudioVersion = 14.0.23107.0
MinimumVisualStudioVersion = 10.0.40219.1
Project("{FAE04EC0-301F-11D3-BF4B-00C04F79EFBC}") = "BudgetTracker.API", "BudgetTracker.API\BudgetTracker.API.csproj", "{505DC3E5-3694-4079-AA88-DDCF49F240F6}"
EndProject
Project("{E24C65DC-7377-472B-9ABA-BC803B73C61A}") = "BudgetTrackerClient", "..\BudgetTrackerClient\", "{DB524125-8F62-4AD7-89B4-EAD5288B9C06}"
	ProjectSection(WebsiteProperties) = preProject
		TargetFrameworkMoniker = ".NETFramework,Version%3Dv4.5.2"
		Debug.AspNetCompiler.VirtualPath = "/localhost_50951"
		Debug.AspNetCompiler.PhysicalPath = "..\BudgetTrackerClient\"
		Debug.AspNetCompiler.TargetPath = "PrecompiledWeb\localhost_50951\"
		Debug.AspNetCompiler.Updateable = "true"
		Debug.AspNetCompiler.ForceOverwrite = "true"
		Debug.AspNetCompiler.FixedNames = "false"
		Debug.AspNetCompiler.Debug = "True"
		Release.AspNetCompiler.VirtualPath = "/localhost_50951"
		Release.AspNetCompiler.PhysicalPath = "..\BudgetTrackerClient\"
		Release.AspNetCompiler.TargetPath = "PrecompiledWeb\localhost_50951\"
		Release.AspNetCompiler.Updateable = "true"
		Release.AspNetCompiler.ForceOverwrite = "true"
		Release.AspNetCompiler.FixedNames = "false"
		Release.AspNetCompiler.Debug = "False"
		VWDPort = "50951"
		SlnRelativePath = "..\BudgetTrackerClient\"
		DefaultWebSiteLanguage = "Visual C#"
	EndProjectSection
EndProject
Global
	GlobalSection(SolutionConfigurationPlatforms) = preSolution
		Debug|Any CPU = Debug|Any CPU
		Release|Any CPU = Release|Any CPU
	EndGlobalSection
	GlobalSection(ProjectConfigurationPlatforms) = postSolution
		{505DC3E5-3694-4079-AA88-DDCF49F240F6}.Debug|Any CPU.ActiveCfg = Debug|Any CPU
		{505DC3E5-3694-4079-AA88-DDCF49F240F6}.Debug|Any CPU.Build.0 = Debug|Any CPU
		{505DC3E5-3694-4079-AA88-DDCF49F240F6}.Release|Any CPU.ActiveCfg = Release|Any CPU
		{505DC3E5-3694-4079-AA88-DDCF49F240F6}.Release|Any CPU.Build.0 = Release|Any CPU
		{DB524125-8F62-4AD7-89B4-EAD5288B9C06}.Debug|Any CPU.ActiveCfg = Debug|Any CPU
		{DB524125-8F62-4AD7-89B4-EAD5288B9C06}.Debug|Any CPU.Build.0 = Debug|Any CPU
		{DB524125-8F62-4AD7-89B4-EAD5288B9C06}.Release|Any CPU.ActiveCfg = Debug|Any CPU
		{DB524125-8F62-4AD7-89B4-EAD5288B9C06}.Release|Any CPU.Build.0 = Debug|Any CPU
	EndGlobalSection
	GlobalSection(SolutionProperties) = preSolution
		HideSolutionNode = FALSE
	EndGlobalSection
EndGlobal
